<?xml version="1.0" encoding="utf-8"?>
<Project ToolsVersion="4.0" xmlns="http://schemas.microsoft.com/developer/msbuild/2003">
  <ItemGroup>
    <Filter Include="Source Files">
      <UniqueIdentifier>{4FC737F1-C7A5-4376-A066-2A32D752A2FF}</UniqueIdentifier>
      <Extensions>cpp;c;cc;cxx;def;odl;idl;hpj;bat;asm;asmx</Extensions>
    </Filter>
    <Filter Include="Header Files">
      <UniqueIdentifier>{93995380-89BD-4b04-88EB-625FBE52EBFB}</UniqueIdentifier>
      <Extensions>h;hh;hpp;hxx;hm;inl;inc;ipp;xsd</Extensions>
    </Filter>
    <Filter Include="Resource Files">
      <UniqueIdentifier>{67DA6AB6-F800-4c08-8B7A-83BB121AAD01}</UniqueIdentifier>
      <Extensions>rc;ico;cur;bmp;dlg;rc2;rct;bin;rgs;gif;jpg;jpeg;jpe;resx;tiff;tif;png;wav;mfcribbon-ms</Extensions>
    </Filter>
  </ItemGroup>
  <ItemGroup>
    <ClCompile Include="Lab5.cpp">
      <Filter>Source Files</Filter>
    </ClCompile>
    <ClCompile Include="Core\Game.cpp">
      <Filter>Source Files</Filter>
    </ClCompile>
    <ClCompile Include="Display\Display32.cpp">
      <Filter>Source Files</Filter>
    </ClCompile>
    <ClCompile Include="Input\InputDevice.cpp">
      <Filter>Source Files</Filter>
    </ClCompile>
    <ClCompile Include="Render\AbstractBuffer.cpp">
      <Filter>Source Files</Filter>
    </ClCompile>
    <ClCompile Include="Render\CameraObject.cpp">
      <Filter>Source Files</Filter>
    </ClCompile>
    <ClCompile Include="Render\IndexBuffer.cpp">
      <Filter>Source Files</Filter>
    </ClCompile>
    <ClCompile Include="Render\PixelShader.cpp">
      <Filter>Source Files</Filter>
    </ClCompile>
    <ClCompile Include="Render\Renderer.cpp">
      <Filter>Source Files</Filter>
    </ClCompile>
    <ClCompile Include="Render\Shader.cpp">
      <Filter>Source Files</Filter>
    </ClCompile>
    <ClCompile Include="Render\VertexBuffer.cpp">
      <Filter>Source Files</Filter>
    </ClCompile>
    <ClCompile Include="Render\VertexShader.cpp">
      <Filter>Source Files</Filter>
    </ClCompile>
    <ClCompile Include="Utils\Delegates.cpp">
      <Filter>Source Files</Filter>
    </ClCompile>
  </ItemGroup>
  <ItemGroup>
    <ClInclude Include="Core\Controllable.h">
      <Filter>Header Files</Filter>
    </ClInclude>
    <ClInclude Include="Core\Drawable.h">
      <Filter>Header Files</Filter>
    </ClInclude>
    <ClInclude Include="Core\Game.h">
      <Filter>Header Files</Filter>
    </ClInclude>
    <ClInclude Include="Core\Updatable.h">
      <Filter>Header Files</Filter>
    </ClInclude>
    <ClInclude Include="Display\Display32.h">
      <Filter>Header Files</Filter>
    </ClInclude>
    <ClInclude Include="Input\InputDevice.h">
      <Filter>Header Files</Filter>
    </ClInclude>
    <ClInclude Include="Render\AbstractBuffer.h">
      <Filter>Header Files</Filter>
    </ClInclude>
    <ClInclude Include="Render\CameraObject.h">
      <Filter>Header Files</Filter>
    </ClInclude>
    <ClInclude Include="Render\ConstantBuffer.h">
      <Filter>Header Files</Filter>
    </ClInclude>
    <ClInclude Include="Render\ConstantBuffer.hpp">
      <Filter>Header Files</Filter>
    </ClInclude>
    <ClInclude Include="Render\IndexBuffer.h">
      <Filter>Header Files</Filter>
    </ClInclude>
    <ClInclude Include="Render\PixelShader.h">
      <Filter>Header Files</Filter>
    </ClInclude>
    <ClInclude Include="Render\Renderer.h">
      <Filter>Header Files</Filter>
    </ClInclude>
    <ClInclude Include="Render\Shader.h">
      <Filter>Header Files</Filter>
    </ClInclude>
    <ClInclude Include="Render\VertexBuffer.h">
      <Filter>Header Files</Filter>
    </ClInclude>
    <ClInclude Include="Render\VertexShader.h">
      <Filter>Header Files</Filter>
    </ClInclude>
    <ClInclude Include="Utils\Delegates.h">
      <Filter>Header Files</Filter>
    </ClInclude>
    <ClInclude Include="Utils\Keys.h">
      <Filter>Header Files</Filter>
    </ClInclude>
    <ClInclude Include="Utils\Structs.h">
      <Filter>Header Files</Filter>
    </ClInclude>
  </ItemGroup>
  <ItemGroup>
    <None Include="packages.config" />
  </ItemGroup>
</Project>